
Microsoft Visual Studio Solution File, Format Version 12.00
# Visual Studio Version 16
VisualStudioVersion = 16.0.31129.286
MinimumVisualStudioVersion = 10.0.40219.1
Project("{FAE04EC0-301F-11D3-BF4B-00C04F79EFBC}") = "WebApplication1", "WebApplication1\WebApplication1.csproj", "{DC8D6D6A-6F85-4059-9860-4566F43F4AEA}"
EndProject
Global
	GlobalSection(SolutionConfigurationPlatforms) = preSolution
		Debug|Any CPU = Debug|Any CPU
		Release|Any CPU = Release|Any CPU
	EndGlobalSection
	GlobalSection(ProjectConfigurationPlatforms) = postSolution
		{DC8D6D6A-6F85-4059-9860-4566F43F4AEA}.Debug|Any CPU.ActiveCfg = Debug|Any CPU
		{DC8D6D6A-6F85-4059-9860-4566F43F4AEA}.Debug|Any CPU.Build.0 = Debug|Any CPU
		{DC8D6D6A-6F85-4059-9860-4566F43F4AEA}.Release|Any CPU.ActiveCfg = Release|Any CPU
		{DC8D6D6A-6F85-4059-9860-4566F43F4AEA}.Release|Any CPU.Build.0 = Release|Any CPU
	EndGlobalSection
	GlobalSection(SolutionProperties) = preSolution
		HideSolutionNode = FALSE
	EndGlobalSection
	GlobalSection(ExtensibilityGlobals) = postSolution
		SolutionGuid = {7CFBB57E-6D69-4AFA-AFC7-51F77A82819C}
	EndGlobalSection
EndGlobal
